// !$*UTF8*$!
{
	archiveVersion = 1;
	classes = {
	};
	objectVersion = 46;
	objects = {

/* Begin PBXBuildFile section */
		75E08B361E08FD89006CC44D /* Assets.xcassets in Resources */ = {isa = PBXBuildFile; fileRef = 75E08B351E08FD89006CC44D /* Assets.xcassets */; };
		75E08B441E08FD89006CC44D /* ExilantHomeTests.swift in Sources */ = {isa = PBXBuildFile; fileRef = 75E08B431E08FD89006CC44D /* ExilantHomeTests.swift */; };
		75E08B4F1E08FD89006CC44D /* ExilantHomeUITests.swift in Sources */ = {isa = PBXBuildFile; fileRef = 75E08B4E1E08FD89006CC44D /* ExilantHomeUITests.swift */; };
		75E08B621E08FEB4006CC44D /* AppDelegate.swift in Sources */ = {isa = PBXBuildFile; fileRef = 75E08B611E08FEB4006CC44D /* AppDelegate.swift */; };
		75E08B641E08FED2006CC44D /* LoginViewController.swift in Sources */ = {isa = PBXBuildFile; fileRef = 75E08B631E08FED2006CC44D /* LoginViewController.swift */; };
		75E08B681E08FF61006CC44D /* LaunchScreen.storyboard in Resources */ = {isa = PBXBuildFile; fileRef = 75E08B661E08FF61006CC44D /* LaunchScreen.storyboard */; };
		75E08B691E08FF61006CC44D /* Main.storyboard in Resources */ = {isa = PBXBuildFile; fileRef = 75E08B671E08FF61006CC44D /* Main.storyboard */; };
		75E08B7F1E0902CD006CC44D /* Login.storyboard in Resources */ = {isa = PBXBuildFile; fileRef = 75E08B7E1E0902CD006CC44D /* Login.storyboard */; };
		75E08B891E0902E8006CC44D /* VIVO.png in Resources */ = {isa = PBXBuildFile; fileRef = 75E08B801E0902E8006CC44D /* VIVO.png */; };
		75E08B8A1E0902E8006CC44D /* ME.png in Resources */ = {isa = PBXBuildFile; fileRef = 75E08B811E0902E8006CC44D /* ME.png */; };
		75E08B8B1E0902E8006CC44D /* WHO.png in Resources */ = {isa = PBXBuildFile; fileRef = 75E08B821E0902E8006CC44D /* WHO.png */; };
		75E08B8C1E0902E8006CC44D /* REQ.png in Resources */ = {isa = PBXBuildFile; fileRef = 75E08B831E0902E8006CC44D /* REQ.png */; };
		75E08B8D1E0902E8006CC44D /* PAR.png in Resources */ = {isa = PBXBuildFile; fileRef = 75E08B841E0902E8006CC44D /* PAR.png */; };
		75E08B8E1E0902E8006CC44D /* Time.png in Resources */ = {isa = PBXBuildFile; fileRef = 75E08B851E0902E8006CC44D /* Time.png */; };
		75E08B8F1E0902E8006CC44D /* Exilant.png in Resources */ = {isa = PBXBuildFile; fileRef = 75E08B861E0902E8006CC44D /* Exilant.png */; };
		75E08B901E0902E8006CC44D /* Exilant_Icon.png in Resources */ = {isa = PBXBuildFile; fileRef = 75E08B871E0902E8006CC44D /* Exilant_Icon.png */; };
		75E08B911E0902E8006CC44D /* Launch_Icon.png in Resources */ = {isa = PBXBuildFile; fileRef = 75E08B881E0902E8006CC44D /* Launch_Icon.png */; };
/* End PBXBuildFile section */

/* Begin PBXContainerItemProxy section */
		75E08B401E08FD89006CC44D /* PBXContainerItemProxy */ = {
			isa = PBXContainerItemProxy;
			containerPortal = 75E08B231E08FD88006CC44D /* Project object */;
			proxyType = 1;
			remoteGlobalIDString = 75E08B2A1E08FD89006CC44D;
			remoteInfo = ExilantHome;
		};
		75E08B4B1E08FD89006CC44D /* PBXContainerItemProxy */ = {
			isa = PBXContainerItemProxy;
			containerPortal = 75E08B231E08FD88006CC44D /* Project object */;
			proxyType = 1;
			remoteGlobalIDString = 75E08B2A1E08FD89006CC44D;
			remoteInfo = ExilantHome;
		};
/* End PBXContainerItemProxy section */

/* Begin PBXFileReference section */
		75E08B2B1E08FD89006CC44D /* ExilantHome.app */ = {isa = PBXFileReference; explicitFileType = wrapper.application; includeInIndex = 0; path = ExilantHome.app; sourceTree = BUILT_PRODUCTS_DIR; };
		75E08B351E08FD89006CC44D /* Assets.xcassets */ = {isa = PBXFileReference; lastKnownFileType = folder.assetcatalog; path = Assets.xcassets; sourceTree = "<group>"; };
		75E08B3A1E08FD89006CC44D /* Info.plist */ = {isa = PBXFileReference; lastKnownFileType = text.plist.xml; path = Info.plist; sourceTree = "<group>"; };
		75E08B3F1E08FD89006CC44D /* ExilantHomeTests.xctest */ = {isa = PBXFileReference; explicitFileType = wrapper.cfbundle; includeInIndex = 0; path = ExilantHomeTests.xctest; sourceTree = BUILT_PRODUCTS_DIR; };
		75E08B431E08FD89006CC44D /* ExilantHomeTests.swift */ = {isa = PBXFileReference; lastKnownFileType = sourcecode.swift; path = ExilantHomeTests.swift; sourceTree = "<group>"; };
		75E08B451E08FD89006CC44D /* Info.plist */ = {isa = PBXFileReference; lastKnownFileType = text.plist.xml; path = Info.plist; sourceTree = "<group>"; };
		75E08B4A1E08FD89006CC44D /* ExilantHomeUITests.xctest */ = {isa = PBXFileReference; explicitFileType = wrapper.cfbundle; includeInIndex = 0; path = ExilantHomeUITests.xctest; sourceTree = BUILT_PRODUCTS_DIR; };
		75E08B4E1E08FD89006CC44D /* ExilantHomeUITests.swift */ = {isa = PBXFileReference; lastKnownFileType = sourcecode.swift; path = ExilantHomeUITests.swift; sourceTree = "<group>"; };
		75E08B501E08FD89006CC44D /* Info.plist */ = {isa = PBXFileReference; lastKnownFileType = text.plist.xml; path = Info.plist; sourceTree = "<group>"; };
		75E08B611E08FEB4006CC44D /* AppDelegate.swift */ = {isa = PBXFileReference; lastKnownFileType = sourcecode.swift; name = AppDelegate.swift; path = SourceFiles/AppDelegate/AppDelegate.swift; sourceTree = "<group>"; };
		75E08B631E08FED2006CC44D /* LoginViewController.swift */ = {isa = PBXFileReference; lastKnownFileType = sourcecode.swift; name = LoginViewController.swift; path = SourceFiles/ViewControllers/LoginViewController.swift; sourceTree = "<group>"; };
		75E08B661E08FF61006CC44D /* LaunchScreen.storyboard */ = {isa = PBXFileReference; lastKnownFileType = file.storyboard; name = LaunchScreen.storyboard; path = SourceFiles/StoryBoards/LaunchScreen.storyboard; sourceTree = "<group>"; };
		75E08B671E08FF61006CC44D /* Main.storyboard */ = {isa = PBXFileReference; lastKnownFileType = file.storyboard; name = Main.storyboard; path = SourceFiles/StoryBoards/Main.storyboard; sourceTree = "<group>"; };
		75E08B7E1E0902CD006CC44D /* Login.storyboard */ = {isa = PBXFileReference; lastKnownFileType = file.storyboard; name = Login.storyboard; path = SourceFiles/StoryBoards/Login.storyboard; sourceTree = "<group>"; };
		75E08B801E0902E8006CC44D /* VIVO.png */ = {isa = PBXFileReference; lastKnownFileType = image.png; name = VIVO.png; path = SourceFiles/Resources/VIVO.png; sourceTree = "<group>"; };
		75E08B811E0902E8006CC44D /* ME.png */ = {isa = PBXFileReference; lastKnownFileType = image.png; name = ME.png; path = SourceFiles/Resources/ME.png; sourceTree = "<group>"; };
		75E08B821E0902E8006CC44D /* WHO.png */ = {isa = PBXFileReference; lastKnownFileType = image.png; name = WHO.png; path = SourceFiles/Resources/WHO.png; sourceTree = "<group>"; };
		75E08B831E0902E8006CC44D /* REQ.png */ = {isa = PBXFileReference; lastKnownFileType = image.png; name = REQ.png; path = SourceFiles/Resources/REQ.png; sourceTree = "<group>"; };
		75E08B841E0902E8006CC44D /* PAR.png */ = {isa = PBXFileReference; lastKnownFileType = image.png; name = PAR.png; path = SourceFiles/Resources/PAR.png; sourceTree = "<group>"; };
		75E08B851E0902E8006CC44D /* Time.png */ = {isa = PBXFileReference; lastKnownFileType = image.png; name = Time.png; path = SourceFiles/Resources/Time.png; sourceTree = "<group>"; };
		75E08B861E0902E8006CC44D /* Exilant.png */ = {isa = PBXFileReference; lastKnownFileType = image.png; name = Exilant.png; path = SourceFiles/Resources/Exilant.png; sourceTree = "<group>"; };
		75E08B871E0902E8006CC44D /* Exilant_Icon.png */ = {isa = PBXFileReference; lastKnownFileType = image.png; name = Exilant_Icon.png; path = SourceFiles/Resources/Exilant_Icon.png; sourceTree = "<group>"; };
		75E08B881E0902E8006CC44D /* Launch_Icon.png */ = {isa = PBXFileReference; lastKnownFileType = image.png; name = Launch_Icon.png; path = SourceFiles/Resources/Launch_Icon.png; sourceTree = "<group>"; };
/* End PBXFileReference section */

/* Begin PBXFrameworksBuildPhase section */
		75E08B281E08FD89006CC44D /* Frameworks */ = {
			isa = PBXFrameworksBuildPhase;
			buildActionMask = 2147483647;
			files = (
			);
			runOnlyForDeploymentPostprocessing = 0;
		};
		75E08B3C1E08FD89006CC44D /* Frameworks */ = {
			isa = PBXFrameworksBuildPhase;
			buildActionMask = 2147483647;
			files = (
			);
			runOnlyForDeploymentPostprocessing = 0;
		};
		75E08B471E08FD89006CC44D /* Frameworks */ = {
			isa = PBXFrameworksBuildPhase;
			buildActionMask = 2147483647;
			files = (
			);
			runOnlyForDeploymentPostprocessing = 0;
		};
/* End PBXFrameworksBuildPhase section */

/* Begin PBXGroup section */
		75E08B221E08FD88006CC44D = {
			isa = PBXGroup;
			children = (
				75E08B2D1E08FD89006CC44D /* ExilantHome */,
				75E08B421E08FD89006CC44D /* ExilantHomeTests */,
				75E08B4D1E08FD89006CC44D /* ExilantHomeUITests */,
				75E08B2C1E08FD89006CC44D /* Products */,
			);
			sourceTree = "<group>";
		};
		75E08B2C1E08FD89006CC44D /* Products */ = {
			isa = PBXGroup;
			children = (
				75E08B2B1E08FD89006CC44D /* ExilantHome.app */,
				75E08B3F1E08FD89006CC44D /* ExilantHomeTests.xctest */,
				75E08B4A1E08FD89006CC44D /* ExilantHomeUITests.xctest */,
			);
			name = Products;
			sourceTree = "<group>";
		};
		75E08B2D1E08FD89006CC44D /* ExilantHome */ = {
			isa = PBXGroup;
			children = (
				75E08B5C1E08FE06006CC44D /* SourcesFiles */,
				75E08B351E08FD89006CC44D /* Assets.xcassets */,
				75E08B3A1E08FD89006CC44D /* Info.plist */,
			);
			path = ExilantHome;
			sourceTree = "<group>";
		};
		75E08B421E08FD89006CC44D /* ExilantHomeTests */ = {
			isa = PBXGroup;
			children = (
				75E08B431E08FD89006CC44D /* ExilantHomeTests.swift */,
				75E08B451E08FD89006CC44D /* Info.plist */,
			);
			path = ExilantHomeTests;
			sourceTree = "<group>";
		};
		75E08B4D1E08FD89006CC44D /* ExilantHomeUITests */ = {
			isa = PBXGroup;
			children = (
				75E08B4E1E08FD89006CC44D /* ExilantHomeUITests.swift */,
				75E08B501E08FD89006CC44D /* Info.plist */,
			);
			path = ExilantHomeUITests;
			sourceTree = "<group>";
		};
		75E08B5C1E08FE06006CC44D /* SourcesFiles */ = {
			isa = PBXGroup;
			children = (
				75E08B651E08FEF4006CC44D /* StoryBoards */,
				75E08B5D1E08FE18006CC44D /* AppDelegate */,
				75E08B5F1E08FE37006CC44D /* Model */,
				75E08B5E1E08FE27006CC44D /* ViewControllers */,
				75E08B601E08FE67006CC44D /* Resources */,
			);
			name = SourcesFiles;
			sourceTree = "<group>";
		};
		75E08B5D1E08FE18006CC44D /* AppDelegate */ = {
			isa = PBXGroup;
			children = (
				75E08B611E08FEB4006CC44D /* AppDelegate.swift */,
			);
			name = AppDelegate;
			sourceTree = "<group>";
		};
		75E08B5E1E08FE27006CC44D /* ViewControllers */ = {
			isa = PBXGroup;
			children = (
				75E08B631E08FED2006CC44D /* LoginViewController.swift */,
			);
			name = ViewControllers;
			sourceTree = "<group>";
		};
		75E08B5F1E08FE37006CC44D /* Model */ = {
			isa = PBXGroup;
			children = (
			);
			name = Model;
			sourceTree = "<group>";
		};
		75E08B601E08FE67006CC44D /* Resources */ = {
			isa = PBXGroup;
			children = (
				75E08B801E0902E8006CC44D /* VIVO.png */,
				75E08B811E0902E8006CC44D /* ME.png */,
				75E08B821E0902E8006CC44D /* WHO.png */,
				75E08B831E0902E8006CC44D /* REQ.png */,
				75E08B841E0902E8006CC44D /* PAR.png */,
				75E08B851E0902E8006CC44D /* Time.png */,
				75E08B861E0902E8006CC44D /* Exilant.png */,
				75E08B871E0902E8006CC44D /* Exilant_Icon.png */,
				75E08B881E0902E8006CC44D /* Launch_Icon.png */,
			);
			name = Resources;
			sourceTree = "<group>";
		};
		75E08B651E08FEF4006CC44D /* StoryBoards */ = {
			isa = PBXGroup;
			children = (
				75E08B7E1E0902CD006CC44D /* Login.storyboard */,
				75E08B661E08FF61006CC44D /* LaunchScreen.storyboard */,
				75E08B671E08FF61006CC44D /* Main.storyboard */,
			);
			name = StoryBoards;
			sourceTree = "<group>";
		};
/* End PBXGroup section */

/* Begin PBXNativeTarget section */
		75E08B2A1E08FD89006CC44D /* ExilantHome */ = {
			isa = PBXNativeTarget;
			buildConfigurationList = 75E08B531E08FD89006CC44D /* Build configuration list for PBXNativeTarget "ExilantHome" */;
			buildPhases = (
				75E08B271E08FD89006CC44D /* Sources */,
				75E08B281E08FD89006CC44D /* Frameworks */,
				75E08B291E08FD89006CC44D /* Resources */,
			);
			buildRules = (
			);
			dependencies = (
			);
			name = ExilantHome;
			productName = ExilantHome;
			productReference = 75E08B2B1E08FD89006CC44D /* ExilantHome.app */;
			productType = "com.apple.product-type.application";
		};
		75E08B3E1E08FD89006CC44D /* ExilantHomeTests */ = {
			isa = PBXNativeTarget;
			buildConfigurationList = 75E08B561E08FD89006CC44D /* Build configuration list for PBXNativeTarget "ExilantHomeTests" */;
			buildPhases = (
				75E08B3B1E08FD89006CC44D /* Sources */,
				75E08B3C1E08FD89006CC44D /* Frameworks */,
				75E08B3D1E08FD89006CC44D /* Resources */,
			);
			buildRules = (
			);
			dependencies = (
				75E08B411E08FD89006CC44D /* PBXTargetDependency */,
			);
			name = ExilantHomeTests;
			productName = ExilantHomeTests;
			productReference = 75E08B3F1E08FD89006CC44D /* ExilantHomeTests.xctest */;
			productType = "com.apple.product-type.bundle.unit-test";
		};
		75E08B491E08FD89006CC44D /* ExilantHomeUITests */ = {
			isa = PBXNativeTarget;
			buildConfigurationList = 75E08B591E08FD89006CC44D /* Build configuration list for PBXNativeTarget "ExilantHomeUITests" */;
			buildPhases = (
				75E08B461E08FD89006CC44D /* Sources */,
				75E08B471E08FD89006CC44D /* Frameworks */,
				75E08B481E08FD89006CC44D /* Resources */,
			);
			buildRules = (
			);
			dependencies = (
				75E08B4C1E08FD89006CC44D /* PBXTargetDependency */,
			);
			name = ExilantHomeUITests;
			productName = ExilantHomeUITests;
			productReference = 75E08B4A1E08FD89006CC44D /* ExilantHomeUITests.xctest */;
			productType = "com.apple.product-type.bundle.ui-testing";
		};
/* End PBXNativeTarget section */

/* Begin PBXProject section */
		75E08B231E08FD88006CC44D /* Project object */ = {
			isa = PBXProject;
			attributes = {
				LastSwiftUpdateCheck = 0800;
				LastUpgradeCheck = 0800;
				ORGANIZATIONNAME = "Medidi  V V  Satyanarayana Murty";
				TargetAttributes = {
					75E08B2A1E08FD89006CC44D = {
						CreatedOnToolsVersion = 8.0;
						DevelopmentTeam = FTZ37YD99R;
						ProvisioningStyle = Automatic;
					};
					75E08B3E1E08FD89006CC44D = {
						CreatedOnToolsVersion = 8.0;
						DevelopmentTeam = FTZ37YD99R;
						ProvisioningStyle = Automatic;
						TestTargetID = 75E08B2A1E08FD89006CC44D;
					};
					75E08B491E08FD89006CC44D = {
						CreatedOnToolsVersion = 8.0;
						DevelopmentTeam = FTZ37YD99R;
						ProvisioningStyle = Automatic;
						TestTargetID = 75E08B2A1E08FD89006CC44D;
					};
				};
			};
			buildConfigurationList = 75E08B261E08FD88006CC44D /* Build configuration list for PBXProject "ExilantHome" */;
			compatibilityVersion = "Xcode 3.2";
			developmentRegion = English;
			hasScannedForEncodings = 0;
			knownRegions = (
				en,
				Base,
			);
			mainGroup = 75E08B221E08FD88006CC44D;
			productRefGroup = 75E08B2C1E08FD89006CC44D /* Products */;
			projectDirPath = "";
			projectRoot = "";
			targets = (
				75E08B2A1E08FD89006CC44D /* ExilantHome */,
				75E08B3E1E08FD89006CC44D /* ExilantHomeTests */,
				75E08B491E08FD89006CC44D /* ExilantHomeUITests */,
			);
		};
/* End PBXProject section */

/* Begin PBXResourcesBuildPhase section */
		75E08B291E08FD89006CC44D /* Resources */ = {
			isa = PBXResourcesBuildPhase;
			buildActionMask = 2147483647;
			files = (
				75E08B891E0902E8006CC44D /* VIVO.png in Resources */,
				75E08B8A1E0902E8006CC44D /* ME.png in Resources */,
				75E08B8B1E0902E8006CC44D /* WHO.png in Resources */,
				75E08B8C1E0902E8006CC44D /* REQ.png in Resources */,
				75E08B8D1E0902E8006CC44D /* PAR.png in Resources */,
				75E08B8E1E0902E8006CC44D /* Time.png in Resources */,
				75E08B8F1E0902E8006CC44D /* Exilant.png in Resources */,
				75E08B901E0902E8006CC44D /* Exilant_Icon.png in Resources */,
				75E08B911E0902E8006CC44D /* Launch_Icon.png in Resources */,
				75E08B7F1E0902CD006CC44D /* Login.storyboard in Resources */,
				75E08B681E08FF61006CC44D /* LaunchScreen.storyboard in Resources */,
				75E08B691E08FF61006CC44D /* Main.storyboard in Resources */,
				75E08B361E08FD89006CC44D /* Assets.xcassets in Resources */,
			);
			runOnlyForDeploymentPostprocessing = 0;
		};
		75E08B3D1E08FD89006CC44D /* Resources */ = {
			isa = PBXResourcesBuildPhase;
			buildActionMask = 2147483647;
			files = (
			);
			runOnlyForDeploymentPostprocessing = 0;
		};
		75E08B481E08FD89006CC44D /* Resources */ = {
			isa = PBXResourcesBuildPhase;
			buildActionMask = 2147483647;
			files = (
			);
			runOnlyForDeploymentPostprocessing = 0;
		};
/* End PBXResourcesBuildPhase section */

/* Begin PBXSourcesBuildPhase section */
		75E08B271E08FD89006CC44D /* Sources */ = {
			isa = PBXSourcesBuildPhase;
			buildActionMask = 2147483647;
			files = (
				75E08B641E08FED2006CC44D /* LoginViewController.swift in Sources */,
				75E08B621E08FEB4006CC44D /* AppDelegate.swift in Sources */,
			);
			runOnlyForDeploymentPostprocessing = 0;
		};
		75E08B3B1E08FD89006CC44D /* Sources */ = {
			isa = PBXSourcesBuildPhase;
			buildActionMask = 2147483647;
			files = (
				75E08B441E08FD89006CC44D /* ExilantHomeTests.swift in Sources */,
			);
			runOnlyForDeploymentPostprocessing = 0;
		};
		75E08B461E08FD89006CC44D /* Sources */ = {
			isa = PBXSourcesBuildPhase;
			buildActionMask = 2147483647;
			files = (
				75E08B4F1E08FD89006CC44D /* ExilantHomeUITests.swift in Sources */,
			);
			runOnlyForDeploymentPostprocessing = 0;
		};
/* End PBXSourcesBuildPhase section */

/* Begin PBXTargetDependency section */
		75E08B411E08FD89006CC44D /* PBXTargetDependency */ = {
			isa = PBXTargetDependency;
			target = 75E08B2A1E08FD89006CC44D /* ExilantHome */;
			targetProxy = 75E08B401E08FD89006CC44D /* PBXContainerItemProxy */;
		};
		75E08B4C1E08FD89006CC44D /* PBXTargetDependency */ = {
			isa = PBXTargetDependency;
			target = 75E08B2A1E08FD89006CC44D /* ExilantHome */;
			targetProxy = 75E08B4B1E08FD89006CC44D /* PBXContainerItemProxy */;
		};
/* End PBXTargetDependency section */

/* Begin XCBuildConfiguration section */
		75E08B511E08FD89006CC44D /* Debug */ = {
			isa = XCBuildConfiguration;
			buildSettings = {
				ALWAYS_SEARCH_USER_PATHS = NO;
				CLANG_ANALYZER_NONNULL = YES;
				CLANG_CXX_LANGUAGE_STANDARD = "gnu++0x";
				CLANG_CXX_LIBRARY = "libc++";
				CLANG_ENABLE_MODULES = YES;
				CLANG_ENABLE_OBJC_ARC = YES;
				CLANG_WARN_BOOL_CONVERSION = YES;
				CLANG_WARN_CONSTANT_CONVERSION = YES;
				CLANG_WARN_DIRECT_OBJC_ISA_USAGE = YES_ERROR;
				CLANG_WARN_DOCUMENTATION_COMMENTS = YES;
				CLANG_WARN_EMPTY_BODY = YES;
				CLANG_WARN_ENUM_CONVERSION = YES;
				CLANG_WARN_INFINITE_RECURSION = YES;
				CLANG_WARN_INT_CONVERSION = YES;
				CLANG_WARN_OBJC_ROOT_CLASS = YES_ERROR;
				CLANG_WARN_SUSPICIOUS_MOVES = YES;
				CLANG_WARN_UNREACHABLE_CODE = YES;
				CLANG_WARN__DUPLICATE_METHOD_MATCH = YES;
				"CODE_SIGN_IDENTITY[sdk=iphoneos*]" = "iPhone Developer";
				COPY_PHASE_STRIP = NO;
				DEBUG_INFORMATION_FORMAT = dwarf;
				ENABLE_STRICT_OBJC_MSGSEND = YES;
				ENABLE_TESTABILITY = YES;
				GCC_C_LANGUAGE_STANDARD = gnu99;
				GCC_DYNAMIC_NO_PIC = NO;
				GCC_NO_COMMON_BLOCKS = YES;
				GCC_OPTIMIZATION_LEVEL = 0;
				GCC_PREPROCESSOR_DEFINITIONS = (
					"DEBUG=1",
					"$(inherited)",
				);
				GCC_WARN_64_TO_32_BIT_CONVERSION = YES;
				GCC_WARN_ABOUT_RETURN_TYPE = YES_ERROR;
				GCC_WARN_UNDECLARED_SELECTOR = YES;
				GCC_WARN_UNINITIALIZED_AUTOS = YES_AGGRESSIVE;
				GCC_WARN_UNUSED_FUNCTION = YES;
				GCC_WARN_UNUSED_VARIABLE = YES;
				IPHONEOS_DEPLOYMENT_TARGET = 10.0;
				MTL_ENABLE_DEBUG_INFO = YES;
				ONLY_ACTIVE_ARCH = YES;
				SDKROOT = iphoneos;
				SWIFT_ACTIVE_COMPILATION_CONDITIONS = DEBUG;
				SWIFT_OPTIMIZATION_LEVEL = "-Onone";
				TARGETED_DEVICE_FAMILY = "1,2";
			};
			name = Debug;
		};
		75E08B521E08FD89006CC44D /* Release */ = {
			isa = XCBuildConfiguration;
			buildSettings = {
				ALWAYS_SEARCH_USER_PATHS = NO;
				CLANG_ANALYZER_NONNULL = YES;
				CLANG_CXX_LANGUAGE_STANDARD = "gnu++0x";
				CLANG_CXX_LIBRARY = "libc++";
				CLANG_ENABLE_MODULES = YES;
				CLANG_ENABLE_OBJC_ARC = YES;
				CLANG_WARN_BOOL_CONVERSION = YES;
				CLANG_WARN_CONSTANT_CONVERSION = YES;
				CLANG_WARN_DIRECT_OBJC_ISA_USAGE = YES_ERROR;
				CLANG_WARN_DOCUMENTATION_COMMENTS = YES;
				CLANG_WARN_EMPTY_BODY = YES;
				CLANG_WARN_ENUM_CONVERSION = YES;
				CLANG_WARN_INFINITE_RECURSION = YES;
				CLANG_WARN_INT_CONVERSION = YES;
				CLANG_WARN_OBJC_ROOT_CLASS = YES_ERROR;
				CLANG_WARN_SUSPICIOUS_MOVES = YES;
				CLANG_WARN_UNREACHABLE_CODE = YES;
				CLANG_WARN__DUPLICATE_METHOD_MATCH = YES;
				"CODE_SIGN_IDENTITY[sdk=iphoneos*]" = "iPhone Developer";
				COPY_PHASE_STRIP = NO;
				DEBUG_INFORMATION_FORMAT = "dwarf-with-dsym";
				ENABLE_NS_ASSERTIONS = NO;
				ENABLE_STRICT_OBJC_MSGSEND = YES;
				GCC_C_LANGUAGE_STANDARD = gnu99;
				GCC_NO_COMMON_BLOCKS = YES;
				GCC_WARN_64_TO_32_BIT_CONVERSION = YES;
				GCC_WARN_ABOUT_RETURN_TYPE = YES_ERROR;
				GCC_WARN_UNDECLARED_SELECTOR = YES;
				GCC_WARN_UNINITIALIZED_AUTOS = YES_AGGRESSIVE;
				GCC_WARN_UNUSED_FUNCTION = YES;
				GCC_WARN_UNUSED_VARIABLE = YES;
				IPHONEOS_DEPLOYMENT_TARGET = 10.0;
				MTL_ENABLE_DEBUG_INFO = NO;
				SDKROOT = iphoneos;
				SWIFT_OPTIMIZATION_LEVEL = "-Owholemodule";
				TARGETED_DEVICE_FAMILY = "1,2";
				VALIDATE_PRODUCT = YES;
			};
			name = Release;
		};
		75E08B541E08FD89006CC44D /* Debug */ = {
			isa = XCBuildConfiguration;
			buildSettings = {
				ASSETCATALOG_COMPILER_APPICON_NAME = AppIcon;
				DEVELOPMENT_TEAM = FTZ37YD99R;
				INFOPLIST_FILE = ExilantHome/Info.plist;
				LD_RUNPATH_SEARCH_PATHS = "$(inherited) @executable_path/Frameworks";
				PRODUCT_BUNDLE_IDENTIFIER = Exilant.ExilantHome;
				PRODUCT_NAME = "$(TARGET_NAME)";
				SWIFT_VERSION = 3.0;
			};
			name = Debug;
		};
		75E08B551E08FD89006CC44D /* Release */ = {
			isa = XCBuildConfiguration;
			buildSettings = {
				ASSETCATALOG_COMPILER_APPICON_NAME = AppIcon;
				DEVELOPMENT_TEAM = FTZ37YD99R;
				INFOPLIST_FILE = ExilantHome/Info.plist;
				LD_RUNPATH_SEARCH_PATHS = "$(inherited) @executable_path/Frameworks";
				PRODUCT_BUNDLE_IDENTIFIER = Exilant.ExilantHome;
				PRODUCT_NAME = "$(TARGET_NAME)";
				SWIFT_VERSION = 3.0;
			};
			name = Release;
		};
		75E08B571E08FD89006CC44D /* Debug */ = {
			isa = XCBuildConfiguration;
			buildSettings = {
				ALWAYS_EMBED_SWIFT_STANDARD_LIBRARIES = YES;
				BUNDLE_LOADER = "$(TEST_HOST)";
				DEVELOPMENT_TEAM = FTZ37YD99R;
				INFOPLIST_FILE = ExilantHomeTests/Info.plist;
				LD_RUNPATH_SEARCH_PATHS = "$(inherited) @executable_path/Frameworks @loader_path/Frameworks";
				PRODUCT_BUNDLE_IDENTIFIER = Exilant.ExilantHomeTests;
				PRODUCT_NAME = "$(TARGET_NAME)";
				SWIFT_VERSION = 3.0;
				TEST_HOST = "$(BUILT_PRODUCTS_DIR)/ExilantHome.app/ExilantHome";
			};
			name = Debug;
		};
		75E08B581E08FD89006CC44D /* Release */ = {
			isa = XCBuildConfiguration;
			buildSettings = {
				ALWAYS_EMBED_SWIFT_STANDARD_LIBRARIES = YES;
				BUNDLE_LOADER = "$(TEST_HOST)";
				DEVELOPMENT_TEAM = FTZ37YD99R;
				INFOPLIST_FILE = ExilantHomeTests/Info.plist;
				LD_RUNPATH_SEARCH_PATHS = "$(inherited) @executable_path/Frameworks @loader_path/Frameworks";
				PRODUCT_BUNDLE_IDENTIFIER = Exilant.ExilantHomeTests;
				PRODUCT_NAME = "$(TARGET_NAME)";
				SWIFT_VERSION = 3.0;
				TEST_HOST = "$(BUILT_PRODUCTS_DIR)/ExilantHome.app/ExilantHome";
			};
			name = Release;
		};
		75E08B5A1E08FD89006CC44D /* Debug */ = {
			isa = XCBuildConfiguration;
			buildSettings = {
				ALWAYS_EMBED_SWIFT_STANDARD_LIBRARIES = YES;
				DEVELOPMENT_TEAM = FTZ37YD99R;
				INFOPLIST_FILE = ExilantHomeUITests/Info.plist;
				LD_RUNPATH_SEARCH_PATHS = "$(inherited) @executable_path/Frameworks @loader_path/Frameworks";
				PRODUCT_BUNDLE_IDENTIFIER = Exilant.ExilantHomeUITests;
				PRODUCT_NAME = "$(TARGET_NAME)";
				SWIFT_VERSION = 3.0;
				TEST_TARGET_NAME = ExilantHome;
			};
			name = Debug;
		};
		75E08B5B1E08FD89006CC44D /* Release */ = {
			isa = XCBuildConfiguration;
			buildSettings = {
				ALWAYS_EMBED_SWIFT_STANDARD_LIBRARIES = YES;
				DEVELOPMENT_TEAM = FTZ37YD99R;
				INFOPLIST_FILE = ExilantHomeUITests/Info.plist;
				LD_RUNPATH_SEARCH_PATHS = "$(inherited) @executable_path/Frameworks @loader_path/Frameworks";
				PRODUCT_BUNDLE_IDENTIFIER = Exilant.ExilantHomeUITests;
				PRODUCT_NAME = "$(TARGET_NAME)";
				SWIFT_VERSION = 3.0;
				TEST_TARGET_NAME = ExilantHome;
			};
			name = Release;
		};
/* End XCBuildConfiguration section */

/* Begin XCConfigurationList section */
		75E08B261E08FD88006CC44D /* Build configuration list for PBXProject "ExilantHome" */ = {
			isa = XCConfigurationList;
			buildConfigurations = (
				75E08B511E08FD89006CC44D /* Debug */,
				75E08B521E08FD89006CC44D /* Release */,
			);
			defaultConfigurationIsVisible = 0;
			defaultConfigurationName = Release;
		};
		75E08B531E08FD89006CC44D /* Build configuration list for PBXNativeTarget "ExilantHome" */ = {
			isa = XCConfigurationList;
			buildConfigurations = (
				75E08B541E08FD89006CC44D /* Debug */,
				75E08B551E08FD89006CC44D /* Release */,
			);
			defaultConfigurationIsVisible = 0;
			defaultConfigurationName = Release;
		};
		75E08B561E08FD89006CC44D /* Build configuration list for PBXNativeTarget "ExilantHomeTests" */ = {
			isa = XCConfigurationList;
			buildConfigurations = (
				75E08B571E08FD89006CC44D /* Debug */,
				75E08B581E08FD89006CC44D /* Release */,
			);
			defaultConfigurationIsVisible = 0;
			defaultConfigurationName = Release;
		};
		75E08B591E08FD89006CC44D /* Build configuration list for PBXNativeTarget "ExilantHomeUITests" */ = {
			isa = XCConfigurationList;
			buildConfigurations = (
				75E08B5A1E08FD89006CC44D /* Debug */,
				75E08B5B1E08FD89006CC44D /* Release */,
			);
			defaultConfigurationIsVisible = 0;
			defaultConfigurationName = Release;
		};
/* End XCConfigurationList section */
	};
	rootObject = 75E08B231E08FD88006CC44D /* Project object */;
}
